
Microsoft Visual Studio Solution File, Format Version 12.00
# Visual Studio 14
VisualStudioVersion = 14.0.25420.1
MinimumVisualStudioVersion = 10.0.40219.1
Project("{FAE04EC0-301F-11D3-BF4B-00C04F79EFBC}") = "WierdExpressions", "WierdExpressions\WierdExpressions.csproj", "{E933B6DA-C2E1-45AB-877D-5B68ED4B2DDC}"
EndProject
Global
	GlobalSection(SolutionConfigurationPlatforms) = preSolution
		Debug|Any CPU = Debug|Any CPU
		Release|Any CPU = Release|Any CPU
	EndGlobalSection
	GlobalSection(ProjectConfigurationPlatforms) = postSolution
		{E933B6DA-C2E1-45AB-877D-5B68ED4B2DDC}.Debug|Any CPU.ActiveCfg = Debug|Any CPU
		{E933B6DA-C2E1-45AB-877D-5B68ED4B2DDC}.Debug|Any CPU.Build.0 = Debug|Any CPU
		{E933B6DA-C2E1-45AB-877D-5B68ED4B2DDC}.Release|Any CPU.ActiveCfg = Release|Any CPU
		{E933B6DA-C2E1-45AB-877D-5B68ED4B2DDC}.Release|Any CPU.Build.0 = Release|Any CPU
	EndGlobalSection
	GlobalSection(SolutionProperties) = preSolution
		HideSolutionNode = FALSE
	EndGlobalSection
EndGlobal
